
Microsoft Visual Studio Solution File, Format Version 12.00
# Visual Studio Version 16
VisualStudioVersion = 16.6.30114.105
MinimumVisualStudioVersion = 10.0.40219.1
Project("{2150E333-8FDC-42A3-9474-1A3956D46DE8}") = "src", "src", "{0436BF8B-DEE1-4475-AB46-5F91D6677FB1}"
EndProject
Project("{FAE04EC0-301F-11D3-BF4B-00C04F79EFBC}") = "Measurements", "src\Measurements\Measurements.csproj", "{B130F022-0CD8-4E03-981E-E7C9D85B6C59}"
EndProject
Global
	GlobalSection(SolutionConfigurationPlatforms) = preSolution
		Debug|Any CPU = Debug|Any CPU
		Debug|x64 = Debug|x64
		Debug|x86 = Debug|x86
		Release|Any CPU = Release|Any CPU
		Release|x64 = Release|x64
		Release|x86 = Release|x86
	EndGlobalSection
	GlobalSection(SolutionProperties) = preSolution
		HideSolutionNode = FALSE
	EndGlobalSection
	GlobalSection(ProjectConfigurationPlatforms) = postSolution
		{B130F022-0CD8-4E03-981E-E7C9D85B6C59}.Debug|Any CPU.ActiveCfg = Debug|Any CPU
		{B130F022-0CD8-4E03-981E-E7C9D85B6C59}.Debug|Any CPU.Build.0 = Debug|Any CPU
		{B130F022-0CD8-4E03-981E-E7C9D85B6C59}.Debug|x64.ActiveCfg = Debug|Any CPU
		{B130F022-0CD8-4E03-981E-E7C9D85B6C59}.Debug|x64.Build.0 = Debug|Any CPU
		{B130F022-0CD8-4E03-981E-E7C9D85B6C59}.Debug|x86.ActiveCfg = Debug|Any CPU
		{B130F022-0CD8-4E03-981E-E7C9D85B6C59}.Debug|x86.Build.0 = Debug|Any CPU
		{B130F022-0CD8-4E03-981E-E7C9D85B6C59}.Release|Any CPU.ActiveCfg = Release|Any CPU
		{B130F022-0CD8-4E03-981E-E7C9D85B6C59}.Release|Any CPU.Build.0 = Release|Any CPU
		{B130F022-0CD8-4E03-981E-E7C9D85B6C59}.Release|x64.ActiveCfg = Release|Any CPU
		{B130F022-0CD8-4E03-981E-E7C9D85B6C59}.Release|x64.Build.0 = Release|Any CPU
		{B130F022-0CD8-4E03-981E-E7C9D85B6C59}.Release|x86.ActiveCfg = Release|Any CPU
		{B130F022-0CD8-4E03-981E-E7C9D85B6C59}.Release|x86.Build.0 = Release|Any CPU
	EndGlobalSection
	GlobalSection(NestedProjects) = preSolution
		{B130F022-0CD8-4E03-981E-E7C9D85B6C59} = {0436BF8B-DEE1-4475-AB46-5F91D6677FB1}
	EndGlobalSection
EndGlobal
